<?xml version="1.0" encoding="utf-8"?>
<Project ToolsVersion="4.0" xmlns="http://schemas.microsoft.com/developer/msbuild/2003">
  <ItemGroup>
    <Filter Include="Source Files">
      <UniqueIdentifier>{4FC737F1-C7A5-4376-A066-2A32D752A2FF}</UniqueIdentifier>
      <Extensions>cpp;c;cc;cxx;c++;cppm;ixx;def;odl;idl;hpj;bat;asm;asmx</Extensions>
    </Filter>
    <Filter Include="Header Files">
      <UniqueIdentifier>{93995380-89BD-4b04-88EB-625FBE52EBFB}</UniqueIdentifier>
      <Extensions>h;hh;hpp;hxx;h++;hm;inl;inc;ipp;xsd</Extensions>
    </Filter>
    <Filter Include="Resource Files">
      <UniqueIdentifier>{67DA6AB6-F800-4c08-8B7A-83BB121AAD01}</UniqueIdentifier>
      <Extensions>rc;ico;cur;bmp;dlg;rc2;rct;bin;rgs;gif;jpg;jpeg;jpe;resx;tiff;tif;png;wav;mfcribbon-ms</Extensions>
    </Filter>
  </ItemGroup>
  <ItemGroup>
    <ClCompile Include="..\src\Array.c">
      <Filter>Source Files</Filter>
    </ClCompile>
    <ClCompile Include="..\src\Box2DWrapper.cpp">
      <Filter>Source Files</Filter>
    </ClCompile>
    <ClCompile Include="..\src\Camera.c">
      <Filter>Source Files</Filter>
    </ClCompile>
    <ClCompile Include="..\src\Controls.c">
      <Filter>Source Files</Filter>
    </ClCompile>
    <ClCompile Include="..\src\Debug.c">
      <Filter>Source Files</Filter>
    </ClCompile>
    <ClCompile Include="..\src\Dialog.c">
      <Filter>Source Files</Filter>
    </ClCompile>
    <ClCompile Include="..\src\DrawList.c">
      <Filter>Source Files</Filter>
    </ClCompile>
    <ClCompile Include="..\src\Event.c">
      <Filter>Source Files</Filter>
    </ClCompile>
    <ClCompile Include="..\src\God.c">
      <Filter>Source Files</Filter>
    </ClCompile>
    <ClCompile Include="..\src\Level.c">
      <Filter>Source Files</Filter>
    </ClCompile>
    <ClCompile Include="..\src\main.c">
      <Filter>Source Files</Filter>
    </ClCompile>
    <ClCompile Include="..\src\Object.c">
      <Filter>Source Files</Filter>
    </ClCompile>
    <ClCompile Include="..\src\Player.c">
      <Filter>Source Files</Filter>
    </ClCompile>
    <ClCompile Include="..\src\Terrain.c">
      <Filter>Source Files</Filter>
    </ClCompile>
    <ClCompile Include="..\src\Ui.c">
      <Filter>Source Files</Filter>
    </ClCompile>
    <ClCompile Include="..\src\Vec2F.c">
      <Filter>Source Files</Filter>
    </ClCompile>
    <ClCompile Include="..\src\Vec2I.c">
      <Filter>Source Files</Filter>
    </ClCompile>
    <ClCompile Include="..\src\Blueprints\BlueprintStaticBox.c">
      <Filter>Source Files</Filter>
    </ClCompile>
    <ClCompile Include="..\src\Dialogs\DialogMainMenu.c">
      <Filter>Source Files</Filter>
    </ClCompile>
    <ClCompile Include="..\src\Levels\LevelCommon.c">
      <Filter>Source Files</Filter>
    </ClCompile>
    <ClCompile Include="..\src\Levels\LevelEditor.c">
      <Filter>Source Files</Filter>
    </ClCompile>
    <ClCompile Include="..\src\Levels\LevelTest.c">
      <Filter>Source Files</Filter>
    </ClCompile>
    <ClCompile Include="..\src\Uis\UiBooleanInput.c">
      <Filter>Source Files</Filter>
    </ClCompile>
    <ClCompile Include="..\src\Uis\UiButton.c">
      <Filter>Source Files</Filter>
    </ClCompile>
    <ClCompile Include="..\src\Uis\UiLabel.c">
      <Filter>Source Files</Filter>
    </ClCompile>
    <ClCompile Include="..\src\Uis\UiStringInput.c">
      <Filter>Source Files</Filter>
    </ClCompile>
    <ClCompile Include="..\src\Tile.c">
      <Filter>Source Files</Filter>
    </ClCompile>
    <ClCompile Include="..\src\TerrainLoader.c">
      <Filter>Source Files</Filter>
    </ClCompile>
    <ClCompile Include="..\src\Blueprints\BlueprintWall.c">
      <Filter>Source Files</Filter>
    </ClCompile>
    <ClCompile Include="..\src\Blueprints\BlueprintSkeleton.c">
      <Filter>Source Files</Filter>
    </ClCompile>
    <ClCompile Include="..\src\Box2DUtils.c">
      <Filter>Source Files</Filter>
    </ClCompile>
    <ClCompile Include="..\src\Blueprints\BlueprintBullet.c">
      <Filter>Source Files</Filter>
    </ClCompile>
    <ClCompile Include="..\src\ObjectStore.c">
      <Filter>Source Files</Filter>
    </ClCompile>
    <ClCompile Include="..\src\Bucket.c">
      <Filter>Source Files</Filter>
    </ClCompile>
  </ItemGroup>
  <ItemGroup>
    <ClInclude Include="..\src\Tile.h">
      <Filter>Header Files</Filter>
    </ClInclude>
    <ClInclude Include="..\src\Array.h">
      <Filter>Header Files</Filter>
    </ClInclude>
    <ClInclude Include="..\src\Blueprint.h">
      <Filter>Header Files</Filter>
    </ClInclude>
    <ClInclude Include="..\src\Box2DWrapper.h">
      <Filter>Header Files</Filter>
    </ClInclude>
    <ClInclude Include="..\src\Camera.h">
      <Filter>Header Files</Filter>
    </ClInclude>
    <ClInclude Include="..\src\Controls.h">
      <Filter>Header Files</Filter>
    </ClInclude>
    <ClInclude Include="..\src\Debug.h">
      <Filter>Header Files</Filter>
    </ClInclude>
    <ClInclude Include="..\src\Dialog.h">
      <Filter>Header Files</Filter>
    </ClInclude>
    <ClInclude Include="..\src\DrawList.h">
      <Filter>Header Files</Filter>
    </ClInclude>
    <ClInclude Include="..\src\Error.h">
      <Filter>Header Files</Filter>
    </ClInclude>
    <ClInclude Include="..\src\Event.h">
      <Filter>Header Files</Filter>
    </ClInclude>
    <ClInclude Include="..\src\God.h">
      <Filter>Header Files</Filter>
    </ClInclude>
    <ClInclude Include="..\src\Hud.h">
      <Filter>Header Files</Filter>
    </ClInclude>
    <ClInclude Include="..\src\Level.h">
      <Filter>Header Files</Filter>
    </ClInclude>
    <ClInclude Include="..\src\Levels\LevelCommon.h">
      <Filter>Header Files</Filter>
    </ClInclude>
    <ClInclude Include="..\src\Main.h">
      <Filter>Header Files</Filter>
    </ClInclude>
    <ClInclude Include="..\src\Object.h">
      <Filter>Header Files</Filter>
    </ClInclude>
    <ClInclude Include="..\src\Player.h">
      <Filter>Header Files</Filter>
    </ClInclude>
    <ClInclude Include="..\src\Terrain.h">
      <Filter>Header Files</Filter>
    </ClInclude>
    <ClInclude Include="..\src\TerrainLoader.h">
      <Filter>Header Files</Filter>
    </ClInclude>
    <ClInclude Include="..\src\Ui.h">
      <Filter>Header Files</Filter>
    </ClInclude>
    <ClInclude Include="..\src\Vec2F.h">
      <Filter>Header Files</Filter>
    </ClInclude>
    <ClInclude Include="..\src\Vec2I.h">
      <Filter>Header Files</Filter>
    </ClInclude>
    <ClInclude Include="..\src\Box2DUtils.h">
      <Filter>Header Files</Filter>
    </ClInclude>
    <ClInclude Include="..\src\ObjectType.h">
      <Filter>Header Files</Filter>
    </ClInclude>
    <ClInclude Include="..\src\ObjectStore.h">
      <Filter>Header Files</Filter>
    </ClInclude>
    <ClInclude Include="..\src\Constants.h">
      <Filter>Header Files</Filter>
    </ClInclude>
    <ClInclude Include="..\src\Bucket.h">
      <Filter>Header Files</Filter>
    </ClInclude>
  </ItemGroup>
</Project>